
Microsoft Visual Studio Solution File, Format Version 12.00
# Visual Studio 14
VisualStudioVersion = 14.0.25420.1
MinimumVisualStudioVersion = 10.0.40219.1
Project("{FAE04EC0-301F-11D3-BF4B-00C04F79EFBC}") = "ReactAspNetWebApi.FrontEnd", "ReactAspNetWebApi.FrontEnd\ReactAspNetWebApi.FrontEnd.csproj", "{56E11549-5349-4835-886F-5606C4F6D395}"
EndProject
Project("{FAE04EC0-301F-11D3-BF4B-00C04F79EFBC}") = "ReactAspNetWebApi.BackEnd", "ReactAspNetWebApi.BackEnd\ReactAspNetWebApi.BackEnd.csproj", "{8608410A-0372-4322-9051-3C3E3F672A82}"
EndProject
Project("{FAE04EC0-301F-11D3-BF4B-00C04F79EFBC}") = "ReactAspNetWebApi.BackEnd.Tests", "ReactAspNetWebApi.BackEnd.Tests\ReactAspNetWebApi.BackEnd.Tests.csproj", "{3CD697E0-43C4-42AD-ACE9-6FA6E72C18A5}"
EndProject
Global
	GlobalSection(SolutionConfigurationPlatforms) = preSolution
		Debug|Any CPU = Debug|Any CPU
		Release|Any CPU = Release|Any CPU
	EndGlobalSection
	GlobalSection(ProjectConfigurationPlatforms) = postSolution
		{56E11549-5349-4835-886F-5606C4F6D395}.Debug|Any CPU.ActiveCfg = Debug|Any CPU
		{56E11549-5349-4835-886F-5606C4F6D395}.Debug|Any CPU.Build.0 = Debug|Any CPU
		{56E11549-5349-4835-886F-5606C4F6D395}.Release|Any CPU.ActiveCfg = Release|Any CPU
		{56E11549-5349-4835-886F-5606C4F6D395}.Release|Any CPU.Build.0 = Release|Any CPU
		{8608410A-0372-4322-9051-3C3E3F672A82}.Debug|Any CPU.ActiveCfg = Debug|Any CPU
		{8608410A-0372-4322-9051-3C3E3F672A82}.Debug|Any CPU.Build.0 = Debug|Any CPU
		{8608410A-0372-4322-9051-3C3E3F672A82}.Release|Any CPU.ActiveCfg = Release|Any CPU
		{8608410A-0372-4322-9051-3C3E3F672A82}.Release|Any CPU.Build.0 = Release|Any CPU
		{3CD697E0-43C4-42AD-ACE9-6FA6E72C18A5}.Debug|Any CPU.ActiveCfg = Debug|Any CPU
		{3CD697E0-43C4-42AD-ACE9-6FA6E72C18A5}.Debug|Any CPU.Build.0 = Debug|Any CPU
		{3CD697E0-43C4-42AD-ACE9-6FA6E72C18A5}.Release|Any CPU.ActiveCfg = Release|Any CPU
		{3CD697E0-43C4-42AD-ACE9-6FA6E72C18A5}.Release|Any CPU.Build.0 = Release|Any CPU
	EndGlobalSection
	GlobalSection(SolutionProperties) = preSolution
		HideSolutionNode = FALSE
	EndGlobalSection
EndGlobal
